
Microsoft Visual Studio Solution File, Format Version 12.00
# Visual Studio 2013
VisualStudioVersion = 12.0.30723.0
MinimumVisualStudioVersion = 10.0.40219.1
Project("{8BC9CEB8-8B4A-11D0-8D11-00A0C91BC942}") = "Library", "Library\Library.vcxproj", "{5AAD2FE3-A462-4139-BAD5-FCD547CEACBC}"
EndProject
Global
	GlobalSection(SolutionConfigurationPlatforms) = preSolution
		debug_static_mt|Win32 = debug_static_mt|Win32
		release_static_mt|Win32 = release_static_mt|Win32
	EndGlobalSection
	GlobalSection(ProjectConfigurationPlatforms) = postSolution
		{5AAD2FE3-A462-4139-BAD5-FCD547CEACBC}.debug_static_mt|Win32.ActiveCfg = debug_static_mt|Win32
		{5AAD2FE3-A462-4139-BAD5-FCD547CEACBC}.debug_static_mt|Win32.Build.0 = debug_static_mt|Win32
		{5AAD2FE3-A462-4139-BAD5-FCD547CEACBC}.release_static_mt|Win32.ActiveCfg = release_static_mt|Win32
		{5AAD2FE3-A462-4139-BAD5-FCD547CEACBC}.release_static_mt|Win32.Build.0 = release_static_mt|Win32
	EndGlobalSection
	GlobalSection(SolutionProperties) = preSolution
		HideSolutionNode = FALSE
	EndGlobalSection
EndGlobal
