
Microsoft Visual Studio Solution File, Format Version 12.00
# Visual Studio 2013
VisualStudioVersion = 12.0.30723.0
MinimumVisualStudioVersion = 10.0.40219.1
Project("{8BC9CEB8-8B4A-11D0-8D11-00A0C91BC942}") = "Library", "Library.vcxproj", "{5AAD2FE3-A462-4139-BAD5-FCD547CEACBC}"
EndProject
Project("{8BC9CEB8-8B4A-11D0-8D11-00A0C91BC942}") = "TestSuite", "testsuite\TestSuite.vcxproj", "{EB41B463-4440-40DD-ADC6-1467CF06C587}"
EndProject
Global
	GlobalSection(SolutionConfigurationPlatforms) = preSolution
		debug_static_mt|Mixed Platforms = debug_static_mt|Mixed Platforms
		debug_static_mt|Win32 = debug_static_mt|Win32
		debug_static_mt|x64 = debug_static_mt|x64
		Debug|Mixed Platforms = Debug|Mixed Platforms
		Debug|Win32 = Debug|Win32
		Debug|x64 = Debug|x64
		release_static_mt|Mixed Platforms = release_static_mt|Mixed Platforms
		release_static_mt|Win32 = release_static_mt|Win32
		release_static_mt|x64 = release_static_mt|x64
		Release|Mixed Platforms = Release|Mixed Platforms
		Release|Win32 = Release|Win32
		Release|x64 = Release|x64
	EndGlobalSection
	GlobalSection(ProjectConfigurationPlatforms) = postSolution
		{5AAD2FE3-A462-4139-BAD5-FCD547CEACBC}.debug_static_mt|Mixed Platforms.ActiveCfg = debug_static_mt|Win32
		{5AAD2FE3-A462-4139-BAD5-FCD547CEACBC}.debug_static_mt|Mixed Platforms.Build.0 = debug_static_mt|Win32
		{5AAD2FE3-A462-4139-BAD5-FCD547CEACBC}.debug_static_mt|Win32.ActiveCfg = debug_static_mt|Win32
		{5AAD2FE3-A462-4139-BAD5-FCD547CEACBC}.debug_static_mt|Win32.Build.0 = debug_static_mt|Win32
		{5AAD2FE3-A462-4139-BAD5-FCD547CEACBC}.debug_static_mt|x64.ActiveCfg = debug_static_mt|x64
		{5AAD2FE3-A462-4139-BAD5-FCD547CEACBC}.debug_static_mt|x64.Build.0 = debug_static_mt|x64
		{5AAD2FE3-A462-4139-BAD5-FCD547CEACBC}.Debug|Mixed Platforms.ActiveCfg = debug_static_mt|Win32
		{5AAD2FE3-A462-4139-BAD5-FCD547CEACBC}.Debug|Mixed Platforms.Build.0 = debug_static_mt|Win32
		{5AAD2FE3-A462-4139-BAD5-FCD547CEACBC}.Debug|Win32.ActiveCfg = debug_static_mt|Win32
		{5AAD2FE3-A462-4139-BAD5-FCD547CEACBC}.Debug|Win32.Build.0 = debug_static_mt|Win32
		{5AAD2FE3-A462-4139-BAD5-FCD547CEACBC}.Debug|x64.ActiveCfg = debug_static_mt|x64
		{5AAD2FE3-A462-4139-BAD5-FCD547CEACBC}.Debug|x64.Build.0 = debug_static_mt|x64
		{5AAD2FE3-A462-4139-BAD5-FCD547CEACBC}.release_static_mt|Mixed Platforms.ActiveCfg = release_static_mt|Win32
		{5AAD2FE3-A462-4139-BAD5-FCD547CEACBC}.release_static_mt|Mixed Platforms.Build.0 = release_static_mt|Win32
		{5AAD2FE3-A462-4139-BAD5-FCD547CEACBC}.release_static_mt|Win32.ActiveCfg = release_static_mt|Win32
		{5AAD2FE3-A462-4139-BAD5-FCD547CEACBC}.release_static_mt|Win32.Build.0 = release_static_mt|Win32
		{5AAD2FE3-A462-4139-BAD5-FCD547CEACBC}.release_static_mt|x64.ActiveCfg = release_static_mt|x64
		{5AAD2FE3-A462-4139-BAD5-FCD547CEACBC}.release_static_mt|x64.Build.0 = release_static_mt|x64
		{5AAD2FE3-A462-4139-BAD5-FCD547CEACBC}.Release|Mixed Platforms.ActiveCfg = release_static_mt|Win32
		{5AAD2FE3-A462-4139-BAD5-FCD547CEACBC}.Release|Mixed Platforms.Build.0 = release_static_mt|Win32
		{5AAD2FE3-A462-4139-BAD5-FCD547CEACBC}.Release|Win32.ActiveCfg = release_static_mt|Win32
		{5AAD2FE3-A462-4139-BAD5-FCD547CEACBC}.Release|Win32.Build.0 = release_static_mt|Win32
		{5AAD2FE3-A462-4139-BAD5-FCD547CEACBC}.Release|x64.ActiveCfg = release_static_mt|x64
		{5AAD2FE3-A462-4139-BAD5-FCD547CEACBC}.Release|x64.Build.0 = release_static_mt|x64
		{EB41B463-4440-40DD-ADC6-1467CF06C587}.debug_static_mt|Mixed Platforms.ActiveCfg = Debug|Win32
		{EB41B463-4440-40DD-ADC6-1467CF06C587}.debug_static_mt|Mixed Platforms.Build.0 = Debug|Win32
		{EB41B463-4440-40DD-ADC6-1467CF06C587}.debug_static_mt|Win32.ActiveCfg = Debug|Win32
		{EB41B463-4440-40DD-ADC6-1467CF06C587}.debug_static_mt|Win32.Build.0 = Debug|Win32
		{EB41B463-4440-40DD-ADC6-1467CF06C587}.debug_static_mt|x64.ActiveCfg = Debug|Win32
		{EB41B463-4440-40DD-ADC6-1467CF06C587}.Debug|Mixed Platforms.ActiveCfg = Debug|Win32
		{EB41B463-4440-40DD-ADC6-1467CF06C587}.Debug|Mixed Platforms.Build.0 = Debug|Win32
		{EB41B463-4440-40DD-ADC6-1467CF06C587}.Debug|Win32.ActiveCfg = Debug|Win32
		{EB41B463-4440-40DD-ADC6-1467CF06C587}.Debug|Win32.Build.0 = Debug|Win32
		{EB41B463-4440-40DD-ADC6-1467CF06C587}.Debug|x64.ActiveCfg = Debug|Win32
		{EB41B463-4440-40DD-ADC6-1467CF06C587}.release_static_mt|Mixed Platforms.ActiveCfg = Release|Win32
		{EB41B463-4440-40DD-ADC6-1467CF06C587}.release_static_mt|Mixed Platforms.Build.0 = Release|Win32
		{EB41B463-4440-40DD-ADC6-1467CF06C587}.release_static_mt|Win32.ActiveCfg = Release|Win32
		{EB41B463-4440-40DD-ADC6-1467CF06C587}.release_static_mt|Win32.Build.0 = Release|Win32
		{EB41B463-4440-40DD-ADC6-1467CF06C587}.release_static_mt|x64.ActiveCfg = Release|Win32
		{EB41B463-4440-40DD-ADC6-1467CF06C587}.Release|Mixed Platforms.ActiveCfg = Release|Win32
		{EB41B463-4440-40DD-ADC6-1467CF06C587}.Release|Mixed Platforms.Build.0 = Release|Win32
		{EB41B463-4440-40DD-ADC6-1467CF06C587}.Release|Win32.ActiveCfg = Release|Win32
		{EB41B463-4440-40DD-ADC6-1467CF06C587}.Release|Win32.Build.0 = Release|Win32
		{EB41B463-4440-40DD-ADC6-1467CF06C587}.Release|x64.ActiveCfg = Release|Win32
	EndGlobalSection
	GlobalSection(SolutionProperties) = preSolution
		HideSolutionNode = FALSE
	EndGlobalSection
EndGlobal
